version = 1
revision = 3
requires-python = "==3.10.*"
resolution-markers = [
    "sys_platform == 'darwin'",
    "platform_machine == 'aarch64' and sys_platform == 'linux'",
    "(platform_machine != 'aarch64' and sys_platform == 'linux') or (sys_platform != 'darwin' and sys_platform != 'linux')",
]

[[package]]
name = "cloudpickle"
version = "3.1.2"
source = { registry = "https://pypi.org/simple" }
sdist = { url = "https://files.pythonhosted.org/packages/27/fb/576f067976d320f5f0114a8d9fa1215425441bb35627b1993e5afd8111e5/cloudpickle-3.1.2.tar.gz", hash = "sha256:7fda9eb655c9c230dab534f1983763de5835249750e85fbcef43aaa30a9a2414", size = 22330, upload-time = "2025-11-03T09:25:26.604Z" }
wheels = [
    { url = "https://files.pythonhosted.org/packages/88/39/799be3f2f0f38cc727ee3b4f1445fe6d5e4133064ec2e4115069418a5bb6/cloudpickle-3.1.2-py3-none-any.whl", hash = "sha256:9acb47f6afd73f60dc1df93bb801b472f05ff42fa6c84167d25cb206be1fbf4a", size = 22228, upload-time = "2025-11-03T09:25:25.534Z" },
]

[[package]]
name = "colorama"
version = "0.4.6"
source = { registry = "https://pypi.org/simple" }
sdist = { url = "https://files.pythonhosted.org/packages/d8/53/6f443c9a4a8358a93a6792e2acffb9d9d5cb0a5cfd8802644b7b1c9a02e4/colorama-0.4.6.tar.gz", hash = "sha256:08695f5cb7ed6e0531a20572697297273c47b8cae5a63ffc6d6ed5c201be6e44", size = 27697, upload-time = "2022-10-25T02:36:22.414Z" }
wheels = [
    { url = "https://files.pythonhosted.org/packages/d1/d6/3965ed04c63042e047cb6a3e6ed1a63a35087b6a609aa3a15ed8ac56c221/colorama-0.4.6-py2.py3-none-any.whl", hash = "sha256:4f1d9991f5acc0ca119f9d443620b77f9d6b33703e51011c16baf57afb285fc6", size = 25335, upload-time = "2022-10-25T02:36:20.889Z" },
]

[[package]]
name = "cuda-bindings"
version = "13.3.0"
source = { registry = "https://pypi.org/simple" }
dependencies = [
    { name = "cuda-pathfinder", marker = "sys_platform != 'darwin'" },
]
wheels = [
    { url = "https://files.pythonhosted.org/packages/b6/f7/a4a9491d73ea5622da0e66d3a2bd581b2b6e7456a3faa871835f47155616/cuda_bindings-13.3.0-cp310-cp310-manylinux_2_24_aarch64.manylinux_2_28_aarch64.whl", hash = "sha256:326b31d88314068f0ead48141222d7ada094f4013723dd924af9db10150fa472", size = 6071925, upload-time = "2026-05-27T03:58:55.336Z" },
    { url = "https://files.pythonhosted.org/packages/86/5d/18c36bbf9a1e119446993734965c67228f34d3e7400a57d68d8173c1a2ab/cuda_bindings-13.3.0-cp310-cp310-manylinux_2_24_x86_64.manylinux_2_28_x86_64.whl", hash = "sha256:76edf9a22ad52c306d33204d16071f15203217640ffc4083f854425062a30a02", size = 6672697, upload-time = "2026-05-27T03:58:57.49Z" },
]

[[package]]
name = "cuda-pathfinder"
version = "1.5.5"
source = { registry = "https://pypi.org/simple" }
wheels = [
    { url = "https://files.pythonhosted.org/packages/11/c8/26f2e4aae92f11522a96043892ba39a90eac610d5242523aa863212bc1c7/cuda_pathfinder-1.5.5-py3-none-any.whl", hash = "sha256:0228c023f95d1480f143ef5c8922d27a2ab052087a942e81dc289c9eb8f91689", size = 51671, upload-time = "2026-05-27T01:21:25.413Z" },
]

[[package]]
name = "cuda-toolkit"
version = "13.0.2"
source = { registry = "https://pypi.org/simple" }
wheels = [
    { url = "https://files.pythonhosted.org/packages/57/b2/453099f5f3b698d7d0eab38916aac44c7f76229f451709e2eb9db6615dcd/cuda_toolkit-13.0.2-py2.py3-none-any.whl", hash = "sha256:b198824cf2f54003f50d64ada3a0f184b42ca0846c1c94192fa269ecd97a66eb", size = 2364, upload-time = "2025-12-19T23:24:07.328Z" },
]

[package.optional-dependencies]
cudart = [
    { name = "nvidia-cuda-runtime", marker = "sys_platform == 'linux' or sys_platform == 'win32'" },
]
cufft = [
    { name = "nvidia-cufft", marker = "sys_platform == 'linux' or sys_platform == 'win32'" },
]
cufile = [
    { name = "nvidia-cufile", marker = "sys_platform == 'linux'" },
]
cupti = [
    { name = "nvidia-cuda-cupti", marker = "sys_platform == 'linux' or sys_platform == 'win32'" },
]
curand = [
    { name = "nvidia-curand", marker = "sys_platform == 'linux' or sys_platform == 'win32'" },
]
cusolver = [
    { name = "nvidia-cusolver", marker = "sys_platform == 'linux' or sys_platform == 'win32'" },
]
cusparse = [
    { name = "nvidia-cusparse", marker = "sys_platform == 'linux' or sys_platform == 'win32'" },
]
nvjitlink = [
    { name = "nvidia-nvjitlink", marker = "sys_platform == 'linux' or sys_platform == 'win32'" },
]
nvrtc = [
    { name = "nvidia-cuda-nvrtc", marker = "sys_platform == 'linux' or sys_platform == 'win32'" },
]
nvtx = [
    { name = "nvidia-nvtx", marker = "sys_platform == 'linux' or sys_platform == 'win32'" },
]

[[package]]
name = "filelock"
version = "3.29.0"
source = { registry = "https://pypi.org/simple" }
sdist = { url = "https://files.pythonhosted.org/packages/b5/fe/997687a931ab51049acce6fa1f23e8f01216374ea81374ddee763c493db5/filelock-3.29.0.tar.gz", hash = "sha256:69974355e960702e789734cb4871f884ea6fe50bd8404051a3530bc07809cf90", size = 57571, upload-time = "2026-04-19T15:39:10.068Z" }
wheels = [
    { url = "https://files.pythonhosted.org/packages/81/47/dd9a212ef6e343a6857485ffe25bba537304f1913bdbed446a23f7f592e1/filelock-3.29.0-py3-none-any.whl", hash = "sha256:96f5f6344709aa1572bbf631c640e4ebeeb519e08da902c39a001882f30ac258", size = 39812, upload-time = "2026-04-19T15:39:08.752Z" },
]

[[package]]
name = "fsspec"
version = "2026.4.0"
source = { registry = "https://pypi.org/simple" }
sdist = { url = "https://files.pythonhosted.org/packages/d5/8d/1c51c094345df128ca4a990d633fe1a0ff28726c9e6b3c41ba65087bba1d/fsspec-2026.4.0.tar.gz", hash = "sha256:301d8ac70ae90ef3ad05dcf94d6c3754a097f9b5fe4667d2787aa359ec7df7e4", size = 312760, upload-time = "2026-04-29T20:42:38.635Z" }
wheels = [
    { url = "https://files.pythonhosted.org/packages/d5/0c/043d5e551459da400957a1395e0febbf771446ff34291afcbe3d8be2a279/fsspec-2026.4.0-py3-none-any.whl", hash = "sha256:11ef7bb35dab8a394fde6e608221d5cf3e8499401c249bebaeaad760a1a8dec2", size = 203402, upload-time = "2026-04-29T20:42:36.842Z" },
]

[[package]]
name = "future"
version = "0.18.2"
source = { registry = "https://pypi.org/simple" }
sdist = { url = "https://files.pythonhosted.org/packages/45/0b/38b06fd9b92dc2b68d58b75f900e97884c45bedd2ff83203d933cf5851c9/future-0.18.2.tar.gz", hash = "sha256:b1bead90b70cf6ec3f0710ae53a525360fa360d306a86583adc6bf83a4db537d", size = 829220, upload-time = "2019-10-31T00:58:13.043Z" }

[[package]]
name = "gym"
version = "0.25.2"
source = { registry = "https://pypi.org/simple" }
dependencies = [
    { name = "cloudpickle" },
    { name = "gym-notices" },
    { name = "numpy" },
]
sdist = { url = "https://files.pythonhosted.org/packages/1c/5c/e5c14f3474e91038a51ec794350c7af9635a2faf3873c85989bf9dd127ce/gym-0.25.2.tar.gz", hash = "sha256:c8323f4c6f37363710b519742a0094316deddc9d8fc9e3f6deac08d6da47150c", size = 734530, upload-time = "2022-08-19T21:17:59.292Z" }

[[package]]
name = "gym-notices"
version = "0.1.0"
source = { registry = "https://pypi.org/simple" }
sdist = { url = "https://files.pythonhosted.org/packages/a2/4d/035922b950b224ee4b65a9a4550a22eac8985a3f0e1ef42546d9047e7a72/gym_notices-0.1.0.tar.gz", hash = "sha256:9f9477ef68a8c15e42625d4fa53631237e3e6ae947f325b5c149c081499adc1b", size = 3084, upload-time = "2025-07-27T10:12:41.534Z" }
wheels = [
    { url = "https://files.pythonhosted.org/packages/41/55/55d157aa8693090954fc9639bf27218240517c3bc7afa6e97412da6ebfd9/gym_notices-0.1.0-py3-none-any.whl", hash = "sha256:a943af4446cb619d04fd1e470b9272b4473e08a06d1c7cc9005755a4a0b8c905", size = 3349, upload-time = "2025-07-27T10:12:40.039Z" },
]

[[package]]
name = "gym-super-mario-bros"
version = "7.3.2"
source = { registry = "https://pypi.org/simple" }
dependencies = [
    { name = "nes-py" },
]
sdist = { url = "https://files.pythonhosted.org/packages/fb/82/87852013b7e66f2d1d94a1b3c8e5ee355667a73dd3ab406ec1c1e54744de/gym_super_mario_bros-7.3.2.tar.gz", hash = "sha256:a26561cdf17f251d30b1a65776bd3f41555429f4dfc81969d8f63b6c996fab22", size = 199078, upload-time = "2020-06-12T03:22:37.419Z" }
wheels = [
    { url = "https://files.pythonhosted.org/packages/0e/9b/6afad2bc68c32c647f9433aaa0dafac7e0edff7c940c0c3c67c9ecc6dee7/gym_super_mario_bros-7.3.2-py2.py3-none-any.whl", hash = "sha256:82d360493288888dd395dc14f88685ec56d73c0deba16bd446baecaf92b8f870", size = 198592, upload-time = "2020-06-12T03:22:35.623Z" },
]

[[package]]
name = "jinja2"
version = "3.1.6"
source = { registry = "https://pypi.org/simple" }
dependencies = [
    { name = "markupsafe" },
]
sdist = { url = "https://files.pythonhosted.org/packages/df/bf/f7da0350254c0ed7c72f3e33cef02e048281fec7ecec5f032d4aac52226b/jinja2-3.1.6.tar.gz", hash = "sha256:0137fb05990d35f1275a587e9aee6d56da821fc83491a0fb838183be43f66d6d", size = 245115, upload-time = "2025-03-05T20:05:02.478Z" }
wheels = [
    { url = "https://files.pythonhosted.org/packages/62/a1/3d680cbfd5f4b8f15abc1d571870c5fc3e594bb582bc3b64ea099db13e56/jinja2-3.1.6-py3-none-any.whl", hash = "sha256:85ece4451f492d0c13c5dd7c13a64681a86afae63a5f347908daf103ce6d2f67", size = 134899, upload-time = "2025-03-05T20:05:00.369Z" },
]

[[package]]
name = "markupsafe"
version = "3.0.3"
source = { registry = "https://pypi.org/simple" }
sdist = { url = "https://files.pythonhosted.org/packages/7e/99/7690b6d4034fffd95959cbe0c02de8deb3098cc577c67bb6a24fe5d7caa7/markupsafe-3.0.3.tar.gz", hash = "sha256:722695808f4b6457b320fdc131280796bdceb04ab50fe1795cd540799ebe1698", size = 80313, upload-time = "2025-09-27T18:37:40.426Z" }
wheels = [
    { url = "https://files.pythonhosted.org/packages/e8/4b/3541d44f3937ba468b75da9eebcae497dcf67adb65caa16760b0a6807ebb/markupsafe-3.0.3-cp310-cp310-macosx_10_9_x86_64.whl", hash = "sha256:2f981d352f04553a7171b8e44369f2af4055f888dfb147d55e42d29e29e74559", size = 11631, upload-time = "2025-09-27T18:36:05.558Z" },
    { url = "https://files.pythonhosted.org/packages/98/1b/fbd8eed11021cabd9226c37342fa6ca4e8a98d8188a8d9b66740494960e4/markupsafe-3.0.3-cp310-cp310-macosx_11_0_arm64.whl", hash = "sha256:e1c1493fb6e50ab01d20a22826e57520f1284df32f2d8601fdd90b6304601419", size = 12057, upload-time = "2025-09-27T18:36:07.165Z" },
    { url = "https://files.pythonhosted.org/packages/40/01/e560d658dc0bb8ab762670ece35281dec7b6c1b33f5fbc09ebb57a185519/markupsafe-3.0.3-cp310-cp310-manylinux2014_aarch64.manylinux_2_17_aarch64.manylinux_2_28_aarch64.whl", hash = "sha256:1ba88449deb3de88bd40044603fafffb7bc2b055d626a330323a9ed736661695", size = 22050, upload-time = "2025-09-27T18:36:08.005Z" },
    { url = "https://files.pythonhosted.org/packages/af/cd/ce6e848bbf2c32314c9b237839119c5a564a59725b53157c856e90937b7a/markupsafe-3.0.3-cp310-cp310-manylinux2014_x86_64.manylinux_2_17_x86_64.manylinux_2_28_x86_64.whl", hash = "sha256:f42d0984e947b8adf7dd6dde396e720934d12c506ce84eea8476409563607591", size = 20681, upload-time = "2025-09-27T18:36:08.881Z" },
    { url = "https://files.pythonhosted.org/packages/c9/2a/b5c12c809f1c3045c4d580b035a743d12fcde53cf685dbc44660826308da/markupsafe-3.0.3-cp310-cp310-manylinux_2_31_riscv64.manylinux_2_39_riscv64.whl", hash = "sha256:c0c0b3ade1c0b13b936d7970b1d37a57acde9199dc2aecc4c336773e1d86049c", size = 20705, upload-time = "2025-09-27T18:36:10.131Z" },
    { url = "https://files.pythonhosted.org/packages/cf/e3/9427a68c82728d0a88c50f890d0fc072a1484de2f3ac1ad0bfc1a7214fd5/markupsafe-3.0.3-cp310-cp310-musllinux_1_2_aarch64.whl", hash = "sha256:0303439a41979d9e74d18ff5e2dd8c43ed6c6001fd40e5bf2e43f7bd9bbc523f", size = 21524, upload-time = "2025-09-27T18:36:11.324Z" },
    { url = "https://files.pythonhosted.org/packages/bc/36/23578f29e9e582a4d0278e009b38081dbe363c5e7165113fad546918a232/markupsafe-3.0.3-cp310-cp310-musllinux_1_2_riscv64.whl", hash = "sha256:d2ee202e79d8ed691ceebae8e0486bd9a2cd4794cec4824e1c99b6f5009502f6", size = 20282, upload-time = "2025-09-27T18:36:12.573Z" },
    { url = "https://files.pythonhosted.org/packages/56/21/dca11354e756ebd03e036bd8ad58d6d7168c80ce1fe5e75218e4945cbab7/markupsafe-3.0.3-cp310-cp310-musllinux_1_2_x86_64.whl", hash = "sha256:177b5253b2834fe3678cb4a5f0059808258584c559193998be2601324fdeafb1", size = 20745, upload-time = "2025-09-27T18:36:13.504Z" },
    { url = "https://files.pythonhosted.org/packages/87/99/faba9369a7ad6e4d10b6a5fbf71fa2a188fe4a593b15f0963b73859a1bbd/markupsafe-3.0.3-cp310-cp310-win32.whl", hash = "sha256:2a15a08b17dd94c53a1da0438822d70ebcd13f8c3a95abe3a9ef9f11a94830aa", size = 14571, upload-time = "2025-09-27T18:36:14.779Z" },
    { url = "https://files.pythonhosted.org/packages/d6/25/55dc3ab959917602c96985cb1253efaa4ff42f71194bddeb61eb7278b8be/markupsafe-3.0.3-cp310-cp310-win_amd64.whl", hash = "sha256:c4ffb7ebf07cfe8931028e3e4c85f0357459a3f9f9490886198848f4fa002ec8", size = 15056, upload-time = "2025-09-27T18:36:16.125Z" },
    { url = "https://files.pythonhosted.org/packages/d0/9e/0a02226640c255d1da0b8d12e24ac2aa6734da68bff14c05dd53b94a0fc3/markupsafe-3.0.3-cp310-cp310-win_arm64.whl", hash = "sha256:e2103a929dfa2fcaf9bb4e7c091983a49c9ac3b19c9061b6d5427dd7d14d81a1", size = 13932, upload-time = "2025-09-27T18:36:17.311Z" },
]

[[package]]
name = "mpmath"
version = "1.3.0"
source = { registry = "https://pypi.org/simple" }
sdist = { url = "https://files.pythonhosted.org/packages/e0/47/dd32fa426cc72114383ac549964eecb20ecfd886d1e5ccf5340b55b02f57/mpmath-1.3.0.tar.gz", hash = "sha256:7a28eb2a9774d00c7bc92411c19a89209d5da7c4c9a9e227be8330a23a25b91f", size = 508106, upload-time = "2023-03-07T16:47:11.061Z" }
wheels = [
    { url = "https://files.pythonhosted.org/packages/43/e3/7d92a15f894aa0c9c4b49b8ee9ac9850d6e63b03c9c32c0367a13ae62209/mpmath-1.3.0-py3-none-any.whl", hash = "sha256:a0b2b9fe80bbcd81a6647ff13108738cfb482d481d826cc0e02f5b35e5c88d2c", size = 536198, upload-time = "2023-03-07T16:47:09.197Z" },
]

[[package]]
name = "nes-py"
version = "8.1.4"
source = { registry = "https://pypi.org/simple" }
dependencies = [
    { name = "gym" },
    { name = "numpy" },
    { name = "pyglet" },
    { name = "tqdm" },
]
sdist = { url = "https://files.pythonhosted.org/packages/60/ac/37fb6e1b864d574ee5382a40e1b6e30c09335bec747d95b247e78fe40089/nes_py-8.1.4.tar.gz", hash = "sha256:cf290c00d74fba33033ce62907c994d51b38f1f4f4f6934367d5ecc8e775ad17", size = 75664, upload-time = "2020-06-16T20:23:38.549Z" }

[[package]]
name = "networkx"
version = "3.4.2"
source = { registry = "https://pypi.org/simple" }
sdist = { url = "https://files.pythonhosted.org/packages/fd/1d/06475e1cd5264c0b870ea2cc6fdb3e37177c1e565c43f56ff17a10e3937f/networkx-3.4.2.tar.gz", hash = "sha256:307c3669428c5362aab27c8a1260aa8f47c4e91d3891f48be0141738d8d053e1", size = 2151368, upload-time = "2024-10-21T12:39:38.695Z" }
wheels = [
    { url = "https://files.pythonhosted.org/packages/b9/54/dd730b32ea14ea797530a4479b2ed46a6fb250f682a9cfb997e968bf0261/networkx-3.4.2-py3-none-any.whl", hash = "sha256:df5d4365b724cf81b8c6a7312509d0c22386097011ad1abe274afd5e9d3bbc5f", size = 1723263, upload-time = "2024-10-21T12:39:36.247Z" },
]

[[package]]
name = "numpy"
version = "1.26.4"
source = { registry = "https://pypi.org/simple" }
sdist = { url = "https://files.pythonhosted.org/packages/65/6e/09db70a523a96d25e115e71cc56a6f9031e7b8cd166c1ac8438307c14058/numpy-1.26.4.tar.gz", hash = "sha256:2a02aba9ed12e4ac4eb3ea9421c420301a0c6460d9830d74a9df87efa4912010", size = 15786129, upload-time = "2024-02-06T00:26:44.495Z" }
wheels = [
    { url = "https://files.pythonhosted.org/packages/a7/94/ace0fdea5241a27d13543ee117cbc65868e82213fb31a8eb7fe9ff23f313/numpy-1.26.4-cp310-cp310-macosx_10_9_x86_64.whl", hash = "sha256:9ff0f4f29c51e2803569d7a51c2304de5554655a60c5d776e35b4a41413830d0", size = 20631468, upload-time = "2024-02-05T23:48:01.194Z" },
    { url = "https://files.pythonhosted.org/packages/20/f7/b24208eba89f9d1b58c1668bc6c8c4fd472b20c45573cb767f59d49fb0f6/numpy-1.26.4-cp310-cp310-macosx_11_0_arm64.whl", hash = "sha256:2e4ee3380d6de9c9ec04745830fd9e2eccb3e6cf790d39d7b98ffd19b0dd754a", size = 13966411, upload-time = "2024-02-05T23:48:29.038Z" },
    { url = "https://files.pythonhosted.org/packages/fc/a5/4beee6488160798683eed5bdb7eead455892c3b4e1f78d79d8d3f3b084ac/numpy-1.26.4-cp310-cp310-manylinux_2_17_aarch64.manylinux2014_aarch64.whl", hash = "sha256:d209d8969599b27ad20994c8e41936ee0964e6da07478d6c35016bc386b66ad4", size = 14219016, upload-time = "2024-02-05T23:48:54.098Z" },
    { url = "https://files.pythonhosted.org/packages/4b/d7/ecf66c1cd12dc28b4040b15ab4d17b773b87fa9d29ca16125de01adb36cd/numpy-1.26.4-cp310-cp310-manylinux_2_17_x86_64.manylinux2014_x86_64.whl", hash = "sha256:ffa75af20b44f8dba823498024771d5ac50620e6915abac414251bd971b4529f", size = 18240889, upload-time = "2024-02-05T23:49:25.361Z" },
    { url = "https://files.pythonhosted.org/packages/24/03/6f229fe3187546435c4f6f89f6d26c129d4f5bed40552899fcf1f0bf9e50/numpy-1.26.4-cp310-cp310-musllinux_1_1_aarch64.whl", hash = "sha256:62b8e4b1e28009ef2846b4c7852046736bab361f7aeadeb6a5b89ebec3c7055a", size = 13876746, upload-time = "2024-02-05T23:49:51.983Z" },
    { url = "https://files.pythonhosted.org/packages/39/fe/39ada9b094f01f5a35486577c848fe274e374bbf8d8f472e1423a0bbd26d/numpy-1.26.4-cp310-cp310-musllinux_1_1_x86_64.whl", hash = "sha256:a4abb4f9001ad2858e7ac189089c42178fcce737e4169dc61321660f1a96c7d2", size = 18078620, upload-time = "2024-02-05T23:50:22.515Z" },
    { url = "https://files.pythonhosted.org/packages/d5/ef/6ad11d51197aad206a9ad2286dc1aac6a378059e06e8cf22cd08ed4f20dc/numpy-1.26.4-cp310-cp310-win32.whl", hash = "sha256:bfe25acf8b437eb2a8b2d49d443800a5f18508cd811fea3181723922a8a82b07", size = 5972659, upload-time = "2024-02-05T23:50:35.834Z" },
    { url = "https://files.pythonhosted.org/packages/19/77/538f202862b9183f54108557bfda67e17603fc560c384559e769321c9d92/numpy-1.26.4-cp310-cp310-win_amd64.whl", hash = "sha256:b97fe8060236edf3662adfc2c633f56a08ae30560c56310562cb4f95500022d5", size = 15808905, upload-time = "2024-02-05T23:51:03.701Z" },
]

[[package]]
name = "nvidia-cublas"
version = "13.1.1.3"
source = { registry = "https://pypi.org/simple" }
dependencies = [
    { name = "nvidia-cuda-nvrtc", marker = "sys_platform != 'darwin'" },
]
wheels = [
    { url = "https://files.pythonhosted.org/packages/a7/a1/0bd24ee8c8d03adac032fd2909426a00c88f8c57961b1277ded97f91119f/nvidia_cublas-13.1.1.3-py3-none-manylinux_2_27_aarch64.whl", hash = "sha256:b7a210458267ac818974c53038fbec2e969d5c99f305ab15c72522fa9f001dd5", size = 542848918, upload-time = "2026-04-08T18:46:22.985Z" },
    { url = "https://files.pythonhosted.org/packages/3b/cd/154ca20c38269e05eff77c1464e6c1da89f50a6390b565e9d82e06bc11e1/nvidia_cublas-13.1.1.3-py3-none-manylinux_2_27_x86_64.whl", hash = "sha256:37936a16db8fe4ac1f065c2139360608a543a09275cb1a1af612e08cfa065436", size = 423138758, upload-time = "2026-04-08T18:46:58.655Z" },
]

[[package]]
name = "nvidia-cuda-cupti"
version = "13.0.85"
source = { registry = "https://pypi.org/simple" }
wheels = [
    { url = "https://files.pythonhosted.org/packages/2a/2a/80353b103fc20ce05ef51e928daed4b6015db4aaa9162ed0997090fe2250/nvidia_cuda_cupti-13.0.85-py3-none-manylinux_2_25_aarch64.whl", hash = "sha256:796bd679890ee55fb14a94629b698b6db54bcfd833d391d5e94017dd9d7d3151", size = 10310827, upload-time = "2025-09-04T08:26:42.012Z" },
    { url = "https://files.pythonhosted.org/packages/33/6d/737d164b4837a9bbd202f5ae3078975f0525a55730fe871d8ed4e3b952b0/nvidia_cuda_cupti-13.0.85-py3-none-manylinux_2_25_x86_64.whl", hash = "sha256:4eb01c08e859bf924d222250d2e8f8b8ff6d3db4721288cf35d14252a4d933c8", size = 10715597, upload-time = "2025-09-04T08:26:51.312Z" },
]

[[package]]
name = "nvidia-cuda-nvrtc"
version = "13.0.88"
source = { registry = "https://pypi.org/simple" }
wheels = [
    { url = "https://files.pythonhosted.org/packages/c3/68/483a78f5e8f31b08fb1bb671559968c0ca3a065ac7acabfc7cee55214fd6/nvidia_cuda_nvrtc-13.0.88-py3-none-manylinux2010_x86_64.manylinux_2_12_x86_64.whl", hash = "sha256:ad9b6d2ead2435f11cbb6868809d2adeeee302e9bb94bcf0539c7a40d80e8575", size = 90215200, upload-time = "2025-09-04T08:28:44.204Z" },
    { url = "https://files.pythonhosted.org/packages/b7/dc/6bb80850e0b7edd6588d560758f17e0550893a1feaf436807d64d2da040f/nvidia_cuda_nvrtc-13.0.88-py3-none-manylinux2014_aarch64.manylinux_2_17_aarch64.whl", hash = "sha256:d27f20a0ca67a4bb34268a5e951033496c5b74870b868bacd046b1b8e0c3267b", size = 43015449, upload-time = "2025-09-04T08:28:20.239Z" },
]

[[package]]
name = "nvidia-cuda-runtime"
version = "13.0.96"
source = { registry = "https://pypi.org/simple" }
wheels = [
    { url = "https://files.pythonhosted.org/packages/87/4f/17d7b9b8e285199c58ce28e31b5c5bbaa4d8271af06a89b6405258245de2/nvidia_cuda_runtime-13.0.96-py3-none-manylinux2014_aarch64.manylinux_2_17_aarch64.whl", hash = "sha256:ef9bcbe90493a2b9d810e43d249adb3d02e98dd30200d86607d8d02687c43f55", size = 2261060, upload-time = "2025-10-09T08:55:15.78Z" },
    { url = "https://files.pythonhosted.org/packages/2e/24/d1558f3b68b1d26e706813b1d10aa1d785e4698c425af8db8edc3dced472/nvidia_cuda_runtime-13.0.96-py3-none-manylinux2014_x86_64.manylinux_2_17_x86_64.whl", hash = "sha256:7f82250d7782aa23b6cfe765ecc7db554bd3c2870c43f3d1821f1d18aebf0548", size = 2243632, upload-time = "2025-10-09T08:55:36.117Z" },
]

[[package]]
name = "nvidia-cudnn-cu13"
version = "9.20.0.48"
source = { registry = "https://pypi.org/simple" }
dependencies = [
    { name = "nvidia-cublas", marker = "sys_platform != 'darwin'" },
]
wheels = [
    { url = "https://files.pythonhosted.org/packages/56/c5/83384d846b2fd17c44bd499b36c75a45ed4f095fbbb2252294e89cea5c5c/nvidia_cudnn_cu13-9.20.0.48-py3-none-manylinux_2_27_aarch64.whl", hash = "sha256:e31454ae00094b0c55319d9d15b6fa2fc50a9e1c0f5c8c80fb75258234e731e1", size = 444574296, upload-time = "2026-03-09T19:28:27.751Z" },
    { url = "https://files.pythonhosted.org/packages/6e/5e/edb9c0ae051602c3ccaffe424256463636d639e27d7f302dde9975ef9e7a/nvidia_cudnn_cu13-9.20.0.48-py3-none-manylinux_2_27_x86_64.whl", hash = "sha256:0c45dd8eeb50b603f07995b1b300c62ffe6a1980482b82b3bcf94a4ca9d49304", size = 366173588, upload-time = "2026-03-09T19:29:34.474Z" },
]

[[package]]
name = "nvidia-cufft"
version = "12.0.0.61"
source = { registry = "https://pypi.org/simple" }
dependencies = [
    { name = "nvidia-nvjitlink", marker = "sys_platform != 'darwin'" },
]
wheels = [
    { url = "https://files.pythonhosted.org/packages/8b/ae/f417a75c0259e85c1d2f83ca4e960289a5f814ed0cea74d18c353d3e989d/nvidia_cufft-12.0.0.61-py3-none-manylinux2014_aarch64.manylinux_2_17_aarch64.whl", hash = "sha256:2708c852ef8cd89d1d2068bdbece0aa188813a0c934db3779b9b1faa8442e5f5", size = 214053554, upload-time = "2025-09-04T08:31:38.196Z" },
    { url = "https://files.pythonhosted.org/packages/a8/2f/7b57e29836ea8714f81e9898409196f47d772d5ddedddf1592eadb8ab743/nvidia_cufft-12.0.0.61-py3-none-manylinux2014_x86_64.manylinux_2_17_x86_64.whl", hash = "sha256:6c44f692dce8fd5ffd3e3df134b6cdb9c2f72d99cf40b62c32dde45eea9ddad3", size = 214085489, upload-time = "2025-09-04T08:31:56.044Z" },
]

[[package]]
name = "nvidia-cufile"
version = "1.15.1.6"
source = { registry = "https://pypi.org/simple" }
wheels = [
    { url = "https://files.pythonhosted.org/packages/3f/70/4f193de89a48b71714e74602ee14d04e4019ad36a5a9f20c425776e72cd6/nvidia_cufile-1.15.1.6-py3-none-manylinux2014_x86_64.manylinux_2_17_x86_64.whl", hash = "sha256:08a3ecefae5a01c7f5117351c64f17c7c62efa5fffdbe24fc7d298da19cd0b44", size = 1223672, upload-time = "2025-09-04T08:32:22.779Z" },
    { url = "https://files.pythonhosted.org/packages/ab/73/cc4a14c9813a8a0d509417cf5f4bdaba76e924d58beb9864f5a7baceefbf/nvidia_cufile-1.15.1.6-py3-none-manylinux_2_27_aarch64.whl", hash = "sha256:bdc0deedc61f548bddf7733bdc216456c2fdb101d020e1ab4b88d232d5e2f6d1", size = 1136992, upload-time = "2025-09-04T08:32:14.119Z" },
]

[[package]]
name = "nvidia-curand"
version = "10.4.0.35"
source = { registry = "https://pypi.org/simple" }
wheels = [
    { url = "https://files.pythonhosted.org/packages/1e/72/7c2ae24fb6b63a32e6ae5d241cc65263ea18d08802aaae087d9f013335a2/nvidia_curand-10.4.0.35-py3-none-manylinux_2_27_aarch64.whl", hash = "sha256:133df5a7509c3e292aaa2b477afd0194f06ce4ea24d714d616ff36439cee349a", size = 61962106, upload-time = "2025-08-04T10:21:41.128Z" },
    { url = "https://files.pythonhosted.org/packages/a5/9f/be0a41ca4a4917abf5cb9ae0daff1a6060cc5de950aec0396de9f3b52bc5/nvidia_curand-10.4.0.35-py3-none-manylinux_2_27_x86_64.whl", hash = "sha256:1aee33a5da6e1db083fe2b90082def8915f30f3248d5896bcec36a579d941bfc", size = 59544258, upload-time = "2025-08-04T10:22:03.992Z" },
]

[[package]]
name = "nvidia-cusolver"
version = "12.0.4.66"
source = { registry = "https://pypi.org/simple" }
dependencies = [
    { name = "nvidia-cublas", marker = "sys_platform != 'darwin'" },
    { name = "nvidia-cusparse", marker = "sys_platform != 'darwin'" },
    { name = "nvidia-nvjitlink", marker = "sys_platform != 'darwin'" },
]
wheels = [
    { url = "https://files.pythonhosted.org/packages/c8/c3/b30c9e935fc01e3da443ec0116ed1b2a009bb867f5324d3f2d7e533e776b/nvidia_cusolver-12.0.4.66-py3-none-manylinux_2_27_aarch64.whl", hash = "sha256:02c2457eaa9e39de20f880f4bd8820e6a1cfb9f9a34f820eb12a155aa5bc92d2", size = 223467760, upload-time = "2025-09-04T08:33:04.222Z" },
    { url = "https://files.pythonhosted.org/packages/5f/67/cba3777620cdacb99102da4042883709c41c709f4b6323c10781a9c3aa34/nvidia_cusolver-12.0.4.66-py3-none-manylinux_2_27_x86_64.whl", hash = "sha256:0a759da5dea5c0ea10fd307de75cdeb59e7ea4fcb8add0924859b944babf1112", size = 200941980, upload-time = "2025-09-04T08:33:22.767Z" },
]

[[package]]
name = "nvidia-cusparse"
version = "12.6.3.3"
source = { registry = "https://pypi.org/simple" }
dependencies = [
    { name = "nvidia-nvjitlink", marker = "sys_platform != 'darwin'" },
]
wheels = [
    { url = "https://files.pythonhosted.org/packages/f8/94/5c26f33738ae35276672f12615a64bd008ed5be6d1ebcb23579285d960a9/nvidia_cusparse-12.6.3.3-py3-none-manylinux2014_aarch64.manylinux_2_17_aarch64.whl", hash = "sha256:80bcc4662f23f1054ee334a15c72b8940402975e0eab63178fc7e670aa59472c", size = 162155568, upload-time = "2025-09-04T08:33:42.864Z" },
    { url = "https://files.pythonhosted.org/packages/fa/18/623c77619c31d62efd55302939756966f3ecc8d724a14dab2b75f1508850/nvidia_cusparse-12.6.3.3-py3-none-manylinux2014_x86_64.manylinux_2_17_x86_64.whl", hash = "sha256:2b3c89c88d01ee0e477cb7f82ef60a11a4bcd57b6b87c33f789350b59759360b", size = 145942937, upload-time = "2025-09-04T08:33:58.029Z" },
]

[[package]]
name = "nvidia-cusparselt-cu13"
version = "0.8.1"
source = { registry = "https://pypi.org/simple" }
wheels = [
    { url = "https://files.pythonhosted.org/packages/46/e1/cdc1797eadf82d3a9a575a19b33fdc871a97edbec42c00b5b5e914f4aff4/nvidia_cusparselt_cu13-0.8.1-py3-none-manylinux2014_aarch64.whl", hash = "sha256:4dca476c50bf4780d46cd0bfbd82e2bc10a08e4fef7950917ce8d7578d22a23f", size = 221051344, upload-time = "2025-09-05T18:49:51.289Z" },
    { url = "https://files.pythonhosted.org/packages/34/7d/2661f2fb3ac4302f3a246f5fc030213ac60c1fe0bce84f9783dbd831dbb7/nvidia_cusparselt_cu13-0.8.1-py3-none-manylinux2014_x86_64.whl", hash = "sha256:786ce87568c303fadb5afcc7102d454cd3040d75f6f8626f5db460d1871f4dd0", size = 170148586, upload-time = "2025-09-05T18:50:50.248Z" },
]

[[package]]
name = "nvidia-nccl-cu13"
version = "2.29.7"
source = { registry = "https://pypi.org/simple" }
wheels = [
    { url = "https://files.pythonhosted.org/packages/72/0d/daf50d44177ee0cbc7ff0a0c91eb5ff676c82be42f9a970bc7597f440c3a/nvidia_nccl_cu13-2.29.7-py3-none-manylinux_2_18_aarch64.whl", hash = "sha256:674a12383e3c38a1bcccae7d4f3633b37852230b6047883cb2f4c2d1b36d9bf5", size = 206014712, upload-time = "2026-03-03T05:34:20.843Z" },
    { url = "https://files.pythonhosted.org/packages/67/f4/58e4e91b6919367c7aafb8e36fce9aad1a3047e536bf7e2fd560927d3a4c/nvidia_nccl_cu13-2.29.7-py3-none-manylinux_2_18_x86_64.whl", hash = "sha256:edd81538446786ec3b73972543e53bb43bcaf0bfc8ef76cb679fcc390ffe136d", size = 205976000, upload-time = "2026-03-03T05:36:24.472Z" },
]

[[package]]
name = "nvidia-nvjitlink"
version = "13.0.88"
source = { registry = "https://pypi.org/simple" }
wheels = [
    { url = "https://files.pythonhosted.org/packages/56/7a/123e033aaff487c77107195fa5a2b8686795ca537935a24efae476c41f05/nvidia_nvjitlink-13.0.88-py3-none-manylinux2010_x86_64.manylinux_2_12_x86_64.whl", hash = "sha256:13a74f429e23b921c1109976abefacc69835f2f433ebd323d3946e11d804e47b", size = 40713933, upload-time = "2025-09-04T08:35:43.553Z" },
    { url = "https://files.pythonhosted.org/packages/ab/2c/93c5250e64df4f894f1cbb397c6fd71f79813f9fd79d7cd61de3f97b3c2d/nvidia_nvjitlink-13.0.88-py3-none-manylinux2014_aarch64.manylinux_2_17_aarch64.whl", hash = "sha256:e931536ccc7d467a98ba1d8b89ff7fa7f1fa3b13f2b0069118cd7f47bff07d0c", size = 38768748, upload-time = "2025-09-04T08:35:20.008Z" },
]

[[package]]
name = "nvidia-nvshmem-cu13"
version = "3.4.5"
source = { registry = "https://pypi.org/simple" }
wheels = [
    { url = "https://files.pythonhosted.org/packages/dc/0f/05cc9c720236dcd2db9c1ab97fff629e96821be2e63103569da0c9b72f19/nvidia_nvshmem_cu13-3.4.5-py3-none-manylinux2014_aarch64.manylinux_2_17_aarch64.whl", hash = "sha256:6dc2a197f38e5d0376ad52cd1a2a3617d3cdc150fd5966f4aee9bcebb1d68fe9", size = 60215947, upload-time = "2025-09-06T00:32:20.022Z" },
    { url = "https://files.pythonhosted.org/packages/3c/35/a9bf80a609e74e3b000fef598933235c908fcefcef9026042b8e6dfde2a9/nvidia_nvshmem_cu13-3.4.5-py3-none-manylinux2014_x86_64.manylinux_2_17_x86_64.whl", hash = "sha256:290f0a2ee94c9f3687a02502f3b9299a9f9fe826e6d0287ee18482e78d495b80", size = 60412546, upload-time = "2025-09-06T00:32:41.564Z" },
]

[[package]]
name = "nvidia-nvtx"
version = "13.0.85"
source = { registry = "https://pypi.org/simple" }
wheels = [
    { url = "https://files.pythonhosted.org/packages/c2/f3/d86c845465a2723ad7e1e5c36dcd75ddb82898b3f53be47ebd429fb2fa5d/nvidia_nvtx-13.0.85-py3-none-manylinux1_x86_64.manylinux_2_5_x86_64.whl", hash = "sha256:4936d1d6780fbe68db454f5e72a42ff64d1fd6397df9f363ae786930fd5c1cd4", size = 148047, upload-time = "2025-09-04T08:29:01.761Z" },
    { url = "https://files.pythonhosted.org/packages/a8/64/3708a90d1ebe202ffdeb7185f878a3c84d15c2b2c31858da2ce0583e2def/nvidia_nvtx-13.0.85-py3-none-manylinux2014_aarch64.manylinux_2_17_aarch64.whl", hash = "sha256:cb7780edb6b14107373c835bf8b72e7a178bac7367e23da7acb108f973f157a6", size = 148878, upload-time = "2025-09-04T08:28:53.627Z" },
]

[[package]]
name = "opencv-python"
version = "4.11.0.86"
source = { registry = "https://pypi.org/simple" }
dependencies = [
    { name = "numpy" },
]
sdist = { url = "https://files.pythonhosted.org/packages/17/06/68c27a523103dad5837dc5b87e71285280c4f098c60e4fe8a8db6486ab09/opencv-python-4.11.0.86.tar.gz", hash = "sha256:03d60ccae62304860d232272e4a4fda93c39d595780cb40b161b310244b736a4", size = 95171956, upload-time = "2025-01-16T13:52:24.737Z" }
wheels = [
    { url = "https://files.pythonhosted.org/packages/05/4d/53b30a2a3ac1f75f65a59eb29cf2ee7207ce64867db47036ad61743d5a23/opencv_python-4.11.0.86-cp37-abi3-macosx_13_0_arm64.whl", hash = "sha256:432f67c223f1dc2824f5e73cdfcd9db0efc8710647d4e813012195dc9122a52a", size = 37326322, upload-time = "2025-01-16T13:52:25.887Z" },
    { url = "https://files.pythonhosted.org/packages/3b/84/0a67490741867eacdfa37bc18df96e08a9d579583b419010d7f3da8ff503/opencv_python-4.11.0.86-cp37-abi3-macosx_13_0_x86_64.whl", hash = "sha256:9d05ef13d23fe97f575153558653e2d6e87103995d54e6a35db3f282fe1f9c66", size = 56723197, upload-time = "2025-01-16T13:55:21.222Z" },
    { url = "https://files.pythonhosted.org/packages/f3/bd/29c126788da65c1fb2b5fb621b7fed0ed5f9122aa22a0868c5e2c15c6d23/opencv_python-4.11.0.86-cp37-abi3-manylinux_2_17_aarch64.manylinux2014_aarch64.whl", hash = "sha256:1b92ae2c8852208817e6776ba1ea0d6b1e0a1b5431e971a2a0ddd2a8cc398202", size = 42230439, upload-time = "2025-01-16T13:51:35.822Z" },
    { url = "https://files.pythonhosted.org/packages/2c/8b/90eb44a40476fa0e71e05a0283947cfd74a5d36121a11d926ad6f3193cc4/opencv_python-4.11.0.86-cp37-abi3-manylinux_2_17_x86_64.manylinux2014_x86_64.whl", hash = "sha256:6b02611523803495003bd87362db3e1d2a0454a6a63025dc6658a9830570aa0d", size = 62986597, upload-time = "2025-01-16T13:52:08.836Z" },
    { url = "https://files.pythonhosted.org/packages/fb/d7/1d5941a9dde095468b288d989ff6539dd69cd429dbf1b9e839013d21b6f0/opencv_python-4.11.0.86-cp37-abi3-win32.whl", hash = "sha256:810549cb2a4aedaa84ad9a1c92fbfdfc14090e2749cedf2c1589ad8359aa169b", size = 29384337, upload-time = "2025-01-16T13:52:13.549Z" },
    { url = "https://files.pythonhosted.org/packages/a4/7d/f1c30a92854540bf789e9cd5dde7ef49bbe63f855b85a2e6b3db8135c591/opencv_python-4.11.0.86-cp37-abi3-win_amd64.whl", hash = "sha256:085ad9b77c18853ea66283e98affefe2de8cc4c1f43eda4c100cf9b2721142ec", size = 39488044, upload-time = "2025-01-16T13:52:21.928Z" },
]

[[package]]
name = "pyglet"
version = "1.5.27"
source = { registry = "https://pypi.org/simple" }
sdist = { url = "https://files.pythonhosted.org/packages/44/34/c11af4ae44bdd601e7d837add3d5c11451fe10f8f3d364f0b3ec19dd5f6b/pyglet-1.5.27.zip", hash = "sha256:4d00e067451f3b10fd51b69764fddab65444372a2da344ee2b35f0a8e6ebf005", size = 6978692, upload-time = "2022-09-21T11:17:18.163Z" }
wheels = [
    { url = "https://files.pythonhosted.org/packages/e0/da/259b29659834f31f90b326b0f21466dc332eba9d5b89f6dbd849eabf9bc7/pyglet-1.5.27-py3-none-any.whl", hash = "sha256:7ce2eb5a299cda92fcc099f533520cdaa2f157a175d6c1442a2ae4d769284d2d", size = 1135252, upload-time = "2022-09-21T11:17:13.611Z" },
]

[[package]]
name = "setuptools"
version = "81.0.0"
source = { registry = "https://pypi.org/simple" }
sdist = { url = "https://files.pythonhosted.org/packages/0d/1c/73e719955c59b8e424d015ab450f51c0af856ae46ea2da83eba51cc88de1/setuptools-81.0.0.tar.gz", hash = "sha256:487b53915f52501f0a79ccfd0c02c165ffe06631443a886740b91af4b7a5845a", size = 1198299, upload-time = "2026-02-06T21:10:39.601Z" }
wheels = [
    { url = "https://files.pythonhosted.org/packages/e1/e3/c164c88b2e5ce7b24d667b9bd83589cf4f3520d97cad01534cd3c4f55fdb/setuptools-81.0.0-py3-none-any.whl", hash = "sha256:fdd925d5c5d9f62e4b74b30d6dd7828ce236fd6ed998a08d81de62ce5a6310d6", size = 1062021, upload-time = "2026-02-06T21:10:37.175Z" },
]

[[package]]
name = "super-mario-bros-ppo-pytorch"
version = "0.1.0"
source = { virtual = "." }
dependencies = [
    { name = "future" },
    { name = "gym" },
    { name = "gym-super-mario-bros" },
    { name = "numpy" },
    { name = "opencv-python" },
    { name = "pyglet" },
    { name = "torch" },
]

[package.metadata]
requires-dist = [
    { name = "future", specifier = "==0.18.2" },
    { name = "gym", specifier = "==0.25.2" },
    { name = "gym-super-mario-bros", specifier = "==7.3.2" },
    { name = "numpy", specifier = "<2" },
    { name = "opencv-python", specifier = ">=4.8,<5" },
    { name = "pyglet", specifier = "==1.5.27" },
    { name = "torch", specifier = ">=2.1,<3" },
]

[[package]]
name = "sympy"
version = "1.14.0"
source = { registry = "https://pypi.org/simple" }
dependencies = [
    { name = "mpmath" },
]
sdist = { url = "https://files.pythonhosted.org/packages/83/d3/803453b36afefb7c2bb238361cd4ae6125a569b4db67cd9e79846ba2d68c/sympy-1.14.0.tar.gz", hash = "sha256:d3d3fe8df1e5a0b42f0e7bdf50541697dbe7d23746e894990c030e2b05e72517", size = 7793921, upload-time = "2025-04-27T18:05:01.611Z" }
wheels = [
    { url = "https://files.pythonhosted.org/packages/a2/09/77d55d46fd61b4a135c444fc97158ef34a095e5681d0a6c10b75bf356191/sympy-1.14.0-py3-none-any.whl", hash = "sha256:e091cc3e99d2141a0ba2847328f5479b05d94a6635cb96148ccb3f34671bd8f5", size = 6299353, upload-time = "2025-04-27T18:04:59.103Z" },
]

[[package]]
name = "torch"
version = "2.12.0"
source = { registry = "https://pypi.org/simple" }
dependencies = [
    { name = "cuda-bindings", marker = "sys_platform == 'linux'" },
    { name = "cuda-toolkit", extra = ["cudart", "cufft", "cufile", "cupti", "curand", "cusolver", "cusparse", "nvjitlink", "nvrtc", "nvtx"], marker = "sys_platform == 'linux'" },
    { name = "filelock" },
    { name = "fsspec" },
    { name = "jinja2" },
    { name = "networkx" },
    { name = "nvidia-cublas", marker = "sys_platform == 'linux'" },
    { name = "nvidia-cudnn-cu13", marker = "sys_platform == 'linux'" },
    { name = "nvidia-cusparselt-cu13", marker = "sys_platform == 'linux'" },
    { name = "nvidia-nccl-cu13", marker = "sys_platform == 'linux'" },
    { name = "nvidia-nvshmem-cu13", marker = "sys_platform == 'linux'" },
    { name = "setuptools" },
    { name = "sympy" },
    { name = "triton", marker = "sys_platform == 'linux'" },
    { name = "typing-extensions" },
]
wheels = [
    { url = "https://files.pythonhosted.org/packages/c2/b7/53fe0436586716ab7aecff41e26b9302d57c85ded481fd83a2cd741e6b4e/torch-2.12.0-cp310-cp310-macosx_14_0_arm64.whl", hash = "sha256:1834bd984f8a2f4f16bdfbeecca9146184b220aa46276bf5756735b5dae12812", size = 87981887, upload-time = "2026-05-13T14:55:53.234Z" },
    { url = "https://files.pythonhosted.org/packages/34/60/d930eac44c30de06ed16f6d1ba4e785e1632532b50d8f0bf9bf699a4d0c7/torch-2.12.0-cp310-cp310-manylinux_2_28_aarch64.whl", hash = "sha256:d4d029801cb7b6df858804a2a21b00cc2aa0bf0ee5d2ab18d343c9e9e5681f35", size = 426355000, upload-time = "2026-05-13T14:54:31.944Z" },
    { url = "https://files.pythonhosted.org/packages/8e/0c/c76b6a087820bab55705b94dfc074e520de9ae91f5ef90da2ecbf2a3ef12/torch-2.12.0-cp310-cp310-manylinux_2_28_x86_64.whl", hash = "sha256:d47e7dee68ac4cd7a068b26bcd6b989935427709fae1c8f7bd0019978f829e15", size = 532144998, upload-time = "2026-05-13T14:56:05.523Z" },
    { url = "https://files.pythonhosted.org/packages/4a/64/8a0d036e166a6aa85ee09bef072f3655d1ba5d5486a68d1b03b6813c01b3/torch-2.12.0-cp310-cp310-win_amd64.whl", hash = "sha256:cf9839790285dd472e7a16aafcb4a4e6bf58ec1b494045044b0eefb0eb4bd1f2", size = 122949877, upload-time = "2026-05-13T14:55:46.841Z" },
]

[[package]]
name = "tqdm"
version = "4.67.3"
source = { registry = "https://pypi.org/simple" }
dependencies = [
    { name = "colorama", marker = "sys_platform == 'win32'" },
]
sdist = { url = "https://files.pythonhosted.org/packages/09/a9/6ba95a270c6f1fbcd8dac228323f2777d886cb206987444e4bce66338dd4/tqdm-4.67.3.tar.gz", hash = "sha256:7d825f03f89244ef73f1d4ce193cb1774a8179fd96f31d7e1dcde62092b960bb", size = 169598, upload-time = "2026-02-03T17:35:53.048Z" }
wheels = [
    { url = "https://files.pythonhosted.org/packages/16/e1/3079a9ff9b8e11b846c6ac5c8b5bfb7ff225eee721825310c91b3b50304f/tqdm-4.67.3-py3-none-any.whl", hash = "sha256:ee1e4c0e59148062281c49d80b25b67771a127c85fc9676d3be5f243206826bf", size = 78374, upload-time = "2026-02-03T17:35:50.982Z" },
]

[[package]]
name = "triton"
version = "3.7.0"
source = { registry = "https://pypi.org/simple" }
wheels = [
    { url = "https://files.pythonhosted.org/packages/3e/97/dcd1f2a0f8336691bff74abc59b2ed9c69a0c0f8f65cd77109c49e05f068/triton-3.7.0-cp310-cp310-manylinux_2_27_aarch64.manylinux_2_28_aarch64.whl", hash = "sha256:223ac302091491436c248a34ee1e6c47a1026486579103c906ffd805be50cb89", size = 188367104, upload-time = "2026-05-07T19:04:56.68Z" },
    { url = "https://files.pythonhosted.org/packages/b2/c0/c2ac4fd2d8809b7579d4a820a0f9e5de62a9bc8a757ed4b3abf4f7ee964a/triton-3.7.0-cp310-cp310-manylinux_2_27_x86_64.manylinux_2_28_x86_64.whl", hash = "sha256:c631b65668d4951213b948a413c0564184305b77bb45cc9d686d3e1ecc4701a3", size = 201313191, upload-time = "2026-05-07T18:45:58.444Z" },
]

[[package]]
name = "typing-extensions"
version = "4.15.0"
source = { registry = "https://pypi.org/simple" }
sdist = { url = "https://files.pythonhosted.org/packages/72/94/1a15dd82efb362ac84269196e94cf00f187f7ed21c242792a923cdb1c61f/typing_extensions-4.15.0.tar.gz", hash = "sha256:0cea48d173cc12fa28ecabc3b837ea3cf6f38c6d1136f85cbaaf598984861466", size = 109391, upload-time = "2025-08-25T13:49:26.313Z" }
wheels = [
    { url = "https://files.pythonhosted.org/packages/18/67/36e9267722cc04a6b9f15c7f3441c2363321a3ea07da7ae0c0707beb2a9c/typing_extensions-4.15.0-py3-none-any.whl", hash = "sha256:f0fa19c6845758ab08074a0cfa8b7aecb71c999ca73d62883bc25cc018c4e548", size = 44614, upload-time = "2025-08-25T13:49:24.86Z" },
]
